
Microsoft Visual Studio Solution File, Format Version 12.00
# Visual Studio Version 16
VisualStudioVersion = 16.0.31729.503
MinimumVisualStudioVersion = 10.0.40219.1
Project("{FAE04EC0-301F-11D3-BF4B-00C04F79EFBC}") = "demomvcapp1", "demomvcapp1.csproj", "{851EA4DA-53F5-4A20-B578-058A1773FAC4}"
EndProject
Global
	GlobalSection(SolutionConfigurationPlatforms) = preSolution
		Debug|Any CPU = Debug|Any CPU
		Release|Any CPU = Release|Any CPU
	EndGlobalSection
	GlobalSection(ProjectConfigurationPlatforms) = postSolution
		{851EA4DA-53F5-4A20-B578-058A1773FAC4}.Debug|Any CPU.ActiveCfg = Debug|Any CPU
		{851EA4DA-53F5-4A20-B578-058A1773FAC4}.Debug|Any CPU.Build.0 = Debug|Any CPU
		{851EA4DA-53F5-4A20-B578-058A1773FAC4}.Release|Any CPU.ActiveCfg = Release|Any CPU
		{851EA4DA-53F5-4A20-B578-058A1773FAC4}.Release|Any CPU.Build.0 = Release|Any CPU
	EndGlobalSection
	GlobalSection(SolutionProperties) = preSolution
		HideSolutionNode = FALSE
	EndGlobalSection
	GlobalSection(ExtensibilityGlobals) = postSolution
		SolutionGuid = {D103F03C-6562-4DD4-B815-49F8C25A5DD3}
	EndGlobalSection
EndGlobal
